
Microsoft Visual Studio Solution File, Format Version 12.00
# Visual Studio 15
VisualStudioVersion = 15.0.27428.1
MinimumVisualStudioVersion = 10.0.40219.1
Project("{FAE04EC0-301F-11D3-BF4B-00C04F79EFBC}") = "WpfApp5", "WpfApp5\WpfApp5.csproj", "{B64B5E83-A435-455F-A2B6-DCFDC8ECD9CA}"
EndProject
Global
	GlobalSection(SolutionConfigurationPlatforms) = preSolution
		Debug|Any CPU = Debug|Any CPU
		Release|Any CPU = Release|Any CPU
	EndGlobalSection
	GlobalSection(ProjectConfigurationPlatforms) = postSolution
		{B64B5E83-A435-455F-A2B6-DCFDC8ECD9CA}.Debug|Any CPU.ActiveCfg = Debug|Any CPU
		{B64B5E83-A435-455F-A2B6-DCFDC8ECD9CA}.Debug|Any CPU.Build.0 = Debug|Any CPU
		{B64B5E83-A435-455F-A2B6-DCFDC8ECD9CA}.Release|Any CPU.ActiveCfg = Release|Any CPU
		{B64B5E83-A435-455F-A2B6-DCFDC8ECD9CA}.Release|Any CPU.Build.0 = Release|Any CPU
	EndGlobalSection
	GlobalSection(SolutionProperties) = preSolution
		HideSolutionNode = FALSE
	EndGlobalSection
	GlobalSection(ExtensibilityGlobals) = postSolution
		SolutionGuid = {63CEDA90-B5CF-48BB-A613-D34C9EFE28AB}
	EndGlobalSection
EndGlobal
